
Microsoft Visual Studio Solution File, Format Version 12.00
# Visual Studio Version 17
VisualStudioVersion = 17.5.33424.131
MinimumVisualStudioVersion = 10.0.40219.1
Project("{FAE04EC0-301F-11D3-BF4B-00C04F79EFBC}") = "prac10", "prac10\prac10.csproj", "{341BCB9A-584A-485A-97F3-AC01E07F388B}"
EndProject
Global
	GlobalSection(SolutionConfigurationPlatforms) = preSolution
		Debug|Any CPU = Debug|Any CPU
		Release|Any CPU = Release|Any CPU
	EndGlobalSection
	GlobalSection(ProjectConfigurationPlatforms) = postSolution
		{341BCB9A-584A-485A-97F3-AC01E07F388B}.Debug|Any CPU.ActiveCfg = Debug|Any CPU
		{341BCB9A-584A-485A-97F3-AC01E07F388B}.Debug|Any CPU.Build.0 = Debug|Any CPU
		{341BCB9A-584A-485A-97F3-AC01E07F388B}.Release|Any CPU.ActiveCfg = Release|Any CPU
		{341BCB9A-584A-485A-97F3-AC01E07F388B}.Release|Any CPU.Build.0 = Release|Any CPU
	EndGlobalSection
	GlobalSection(SolutionProperties) = preSolution
		HideSolutionNode = FALSE
	EndGlobalSection
	GlobalSection(ExtensibilityGlobals) = postSolution
		SolutionGuid = {523E0886-6DAB-46A0-8B01-6D8CD3346FD7}
	EndGlobalSection
EndGlobal
