
Microsoft Visual Studio Solution File, Format Version 12.00
# Visual Studio Version 17
VisualStudioVersion = 17.4.33213.308
MinimumVisualStudioVersion = 10.0.40219.1
Project("{FAE04EC0-301F-11D3-BF4B-00C04F79EFBC}") = "WebApplication3", "WebApplication3\WebApplication3.csproj", "{776AA23C-D1FD-4AC2-8AC2-A8232E8E4723}"
EndProject
Global
	GlobalSection(SolutionConfigurationPlatforms) = preSolution
		Debug|Any CPU = Debug|Any CPU
		Release|Any CPU = Release|Any CPU
	EndGlobalSection
	GlobalSection(ProjectConfigurationPlatforms) = postSolution
		{776AA23C-D1FD-4AC2-8AC2-A8232E8E4723}.Debug|Any CPU.ActiveCfg = Debug|Any CPU
		{776AA23C-D1FD-4AC2-8AC2-A8232E8E4723}.Debug|Any CPU.Build.0 = Debug|Any CPU
		{776AA23C-D1FD-4AC2-8AC2-A8232E8E4723}.Release|Any CPU.ActiveCfg = Release|Any CPU
		{776AA23C-D1FD-4AC2-8AC2-A8232E8E4723}.Release|Any CPU.Build.0 = Release|Any CPU
	EndGlobalSection
	GlobalSection(SolutionProperties) = preSolution
		HideSolutionNode = FALSE
	EndGlobalSection
	GlobalSection(ExtensibilityGlobals) = postSolution
		SolutionGuid = {856277D7-FF21-4517-BABC-C7FBC557BF59}
	EndGlobalSection
EndGlobal
