
Microsoft Visual Studio Solution File, Format Version 12.00
# Visual Studio Version 17
VisualStudioVersion = 17.4.33213.308
MinimumVisualStudioVersion = 10.0.40219.1
Project("{FAE04EC0-301F-11D3-BF4B-00C04F79EFBC}") = "FIRSTPRAC", "FIRSTPRAC\FIRSTPRAC.csproj", "{4FB49010-0085-46C6-9805-CC78C33E85FD}"
EndProject
Global
	GlobalSection(SolutionConfigurationPlatforms) = preSolution
		Debug|Any CPU = Debug|Any CPU
		Release|Any CPU = Release|Any CPU
	EndGlobalSection
	GlobalSection(ProjectConfigurationPlatforms) = postSolution
		{4FB49010-0085-46C6-9805-CC78C33E85FD}.Debug|Any CPU.ActiveCfg = Debug|Any CPU
		{4FB49010-0085-46C6-9805-CC78C33E85FD}.Debug|Any CPU.Build.0 = Debug|Any CPU
		{4FB49010-0085-46C6-9805-CC78C33E85FD}.Release|Any CPU.ActiveCfg = Release|Any CPU
		{4FB49010-0085-46C6-9805-CC78C33E85FD}.Release|Any CPU.Build.0 = Release|Any CPU
	EndGlobalSection
	GlobalSection(SolutionProperties) = preSolution
		HideSolutionNode = FALSE
	EndGlobalSection
	GlobalSection(ExtensibilityGlobals) = postSolution
		SolutionGuid = {1F416829-02E7-48DB-95A5-B1577BCAFABC}
	EndGlobalSection
EndGlobal
